
Microsoft Visual Studio Solution File, Format Version 12.00
# Visual Studio Version 16
VisualStudioVersion = 16.0.29411.108
MinimumVisualStudioVersion = 10.0.40219.1
Project("{FAE04EC0-301F-11D3-BF4B-00C04F79EFBC}") = "LoggerTest", "LoggerTest\LoggerTest.csproj", "{638FECD5-C002-46BE-8AC7-904D44B4A6C5}"
EndProject
Project("{FAE04EC0-301F-11D3-BF4B-00C04F79EFBC}") = "LoggerTest.Core", "LoggerTest.Core\LoggerTest.Core.csproj", "{A32182ED-57CA-47B9-8DE0-29392C330A02}"
EndProject
Global
	GlobalSection(SolutionConfigurationPlatforms) = preSolution
		Debug|Any CPU = Debug|Any CPU
		Release|Any CPU = Release|Any CPU
	EndGlobalSection
	GlobalSection(ProjectConfigurationPlatforms) = postSolution
		{638FECD5-C002-46BE-8AC7-904D44B4A6C5}.Debug|Any CPU.ActiveCfg = Debug|Any CPU
		{638FECD5-C002-46BE-8AC7-904D44B4A6C5}.Debug|Any CPU.Build.0 = Debug|Any CPU
		{638FECD5-C002-46BE-8AC7-904D44B4A6C5}.Release|Any CPU.ActiveCfg = Release|Any CPU
		{638FECD5-C002-46BE-8AC7-904D44B4A6C5}.Release|Any CPU.Build.0 = Release|Any CPU
		{A32182ED-57CA-47B9-8DE0-29392C330A02}.Debug|Any CPU.ActiveCfg = Debug|Any CPU
		{A32182ED-57CA-47B9-8DE0-29392C330A02}.Debug|Any CPU.Build.0 = Debug|Any CPU
		{A32182ED-57CA-47B9-8DE0-29392C330A02}.Release|Any CPU.ActiveCfg = Release|Any CPU
		{A32182ED-57CA-47B9-8DE0-29392C330A02}.Release|Any CPU.Build.0 = Release|Any CPU
	EndGlobalSection
	GlobalSection(SolutionProperties) = preSolution
		HideSolutionNode = FALSE
	EndGlobalSection
	GlobalSection(ExtensibilityGlobals) = postSolution
		SolutionGuid = {A6331FE9-F780-4E43-94CD-39966532A82F}
	EndGlobalSection
EndGlobal
